
Microsoft Visual Studio Solution File, Format Version 12.00
# Visual Studio Version 16
VisualStudioVersion = 16.0.30611.23
MinimumVisualStudioVersion = 10.0.40219.1
Project("{FAE04EC0-301F-11D3-BF4B-00C04F79EFBC}") = "Academy.console", "Academy.console\Academy.console.csproj", "{92D424BC-CB61-4070-BA0E-2B2443361448}"
EndProject
Project("{FAE04EC0-301F-11D3-BF4B-00C04F79EFBC}") = "HumanResources", "HumanResources\HumanResources.csproj", "{07141788-881B-483C-8B15-6605F48A6667}"
EndProject
Project("{FAE04EC0-301F-11D3-BF4B-00C04F79EFBC}") = "Academy.Geometry", "Academy.Geometry\Academy.Geometry.csproj", "{B67B5D5C-9F21-40C2-AE40-1181871F4810}"
EndProject
Project("{FAE04EC0-301F-11D3-BF4B-00C04F79EFBC}") = "Academy.GeometryAbstract", "Academy.GeometryAbstract\Academy.GeometryAbstract.csproj", "{3E8D2F69-4600-4DDD-9B0A-CFCA3280D143}"
EndProject
Project("{FAE04EC0-301F-11D3-BF4B-00C04F79EFBC}") = "Academy.Helper", "Academy.Helper\Academy.Helper.csproj", "{8D34A0E3-64E0-4504-8B15-B62C529B1653}"
EndProject
Project("{FAE04EC0-301F-11D3-BF4B-00C04F79EFBC}") = "Academy.WinForms", "Academy.WinForms\Academy.WinForms.csproj", "{27B9A2D7-0EBA-43AB-92A0-DE067E42B667}"
EndProject
Project("{FAE04EC0-301F-11D3-BF4B-00C04F79EFBC}") = "Academy.WinForm.Tris", "Academy.WinForm.Tris\Academy.WinForm.Tris.csproj", "{0F748690-78A8-4EA7-B814-8ACC74F447C2}"
EndProject
Project("{FAE04EC0-301F-11D3-BF4B-00C04F79EFBC}") = "Academy.Bank", "Academy.Bank\Academy.Bank.csproj", "{1B90F1FC-3513-4C96-9E9E-0BB32B90F196}"
EndProject
Project("{FAE04EC0-301F-11D3-BF4B-00C04F79EFBC}") = "Academy.DataManager", "DataManager\Academy.DataManager.csproj", "{D7D6201B-D14A-4CEB-B94A-8C3E90EA7BE9}"
EndProject
Project("{FAE04EC0-301F-11D3-BF4B-00C04F79EFBC}") = "Academy.Entities", "Academy.Entities\Academy.Entities.csproj", "{D2093C8B-5BB4-46CD-A4FD-1B9741636550}"
EndProject
Project("{FAE04EC0-301F-11D3-BF4B-00C04F79EFBC}") = "Academy.TestDelegate", "Academy.TestDelegate\Academy.TestDelegate.csproj", "{E2B1317E-C117-46DE-B02A-A3D72739379B}"
EndProject
Project("{FAE04EC0-301F-11D3-BF4B-00C04F79EFBC}") = "Academy.MailSystem", "Academy.MailSystem\Academy.MailSystem.csproj", "{2A48335F-72DB-4B3E-8BA2-E2B682E8996A}"
EndProject
Project("{FAE04EC0-301F-11D3-BF4B-00C04F79EFBC}") = "Academy.MultiNotifier", "Academy.MultiNotifier\Academy.MultiNotifier.csproj", "{72BF3007-B857-46D5-B886-24D4D4F408A1}"
EndProject
Project("{FAE04EC0-301F-11D3-BF4B-00C04F79EFBC}") = "Academy.Termometro", "Academy.Termometro\Academy.Termometro.csproj", "{F379CE8F-4F47-4893-A6DA-3EF7A493BBE9}"
EndProject
Project("{FAE04EC0-301F-11D3-BF4B-00C04F79EFBC}") = "Academy.lambda", "Academy.lambda\Academy.lambda.csproj", "{9E2374C5-CA79-4863-9F9C-CF574BC89649}"
EndProject
Project("{FAE04EC0-301F-11D3-BF4B-00C04F79EFBC}") = "Acadeny.DB", "Acadeny.DB\Acadeny.DB.csproj", "{2DC7C75C-9DCB-4914-B736-86B4FF2A964E}"
EndProject
Project("{FAE04EC0-301F-11D3-BF4B-00C04F79EFBC}") = "Academy.Negozio", "Academy.Negozio\Academy.Negozio.csproj", "{B674A532-9BD0-4E78-8429-26A7EB2404BE}"
EndProject
Global
	GlobalSection(SolutionConfigurationPlatforms) = preSolution
		Debug|Any CPU = Debug|Any CPU
		Release|Any CPU = Release|Any CPU
	EndGlobalSection
	GlobalSection(ProjectConfigurationPlatforms) = postSolution
		{92D424BC-CB61-4070-BA0E-2B2443361448}.Debug|Any CPU.ActiveCfg = Debug|Any CPU
		{92D424BC-CB61-4070-BA0E-2B2443361448}.Debug|Any CPU.Build.0 = Debug|Any CPU
		{92D424BC-CB61-4070-BA0E-2B2443361448}.Release|Any CPU.ActiveCfg = Release|Any CPU
		{92D424BC-CB61-4070-BA0E-2B2443361448}.Release|Any CPU.Build.0 = Release|Any CPU
		{07141788-881B-483C-8B15-6605F48A6667}.Debug|Any CPU.ActiveCfg = Debug|Any CPU
		{07141788-881B-483C-8B15-6605F48A6667}.Debug|Any CPU.Build.0 = Debug|Any CPU
		{07141788-881B-483C-8B15-6605F48A6667}.Release|Any CPU.ActiveCfg = Release|Any CPU
		{07141788-881B-483C-8B15-6605F48A6667}.Release|Any CPU.Build.0 = Release|Any CPU
		{B67B5D5C-9F21-40C2-AE40-1181871F4810}.Debug|Any CPU.ActiveCfg = Debug|Any CPU
		{B67B5D5C-9F21-40C2-AE40-1181871F4810}.Debug|Any CPU.Build.0 = Debug|Any CPU
		{B67B5D5C-9F21-40C2-AE40-1181871F4810}.Release|Any CPU.ActiveCfg = Release|Any CPU
		{B67B5D5C-9F21-40C2-AE40-1181871F4810}.Release|Any CPU.Build.0 = Release|Any CPU
		{3E8D2F69-4600-4DDD-9B0A-CFCA3280D143}.Debug|Any CPU.ActiveCfg = Debug|Any CPU
		{3E8D2F69-4600-4DDD-9B0A-CFCA3280D143}.Debug|Any CPU.Build.0 = Debug|Any CPU
		{3E8D2F69-4600-4DDD-9B0A-CFCA3280D143}.Release|Any CPU.ActiveCfg = Release|Any CPU
		{3E8D2F69-4600-4DDD-9B0A-CFCA3280D143}.Release|Any CPU.Build.0 = Release|Any CPU
		{8D34A0E3-64E0-4504-8B15-B62C529B1653}.Debug|Any CPU.ActiveCfg = Debug|Any CPU
		{8D34A0E3-64E0-4504-8B15-B62C529B1653}.Debug|Any CPU.Build.0 = Debug|Any CPU
		{8D34A0E3-64E0-4504-8B15-B62C529B1653}.Release|Any CPU.ActiveCfg = Release|Any CPU
		{8D34A0E3-64E0-4504-8B15-B62C529B1653}.Release|Any CPU.Build.0 = Release|Any CPU
		{27B9A2D7-0EBA-43AB-92A0-DE067E42B667}.Debug|Any CPU.ActiveCfg = Debug|Any CPU
		{27B9A2D7-0EBA-43AB-92A0-DE067E42B667}.Debug|Any CPU.Build.0 = Debug|Any CPU
		{27B9A2D7-0EBA-43AB-92A0-DE067E42B667}.Release|Any CPU.ActiveCfg = Release|Any CPU
		{27B9A2D7-0EBA-43AB-92A0-DE067E42B667}.Release|Any CPU.Build.0 = Release|Any CPU
		{0F748690-78A8-4EA7-B814-8ACC74F447C2}.Debug|Any CPU.ActiveCfg = Debug|Any CPU
		{0F748690-78A8-4EA7-B814-8ACC74F447C2}.Debug|Any CPU.Build.0 = Debug|Any CPU
		{0F748690-78A8-4EA7-B814-8ACC74F447C2}.Release|Any CPU.ActiveCfg = Release|Any CPU
		{0F748690-78A8-4EA7-B814-8ACC74F447C2}.Release|Any CPU.Build.0 = Release|Any CPU
		{1B90F1FC-3513-4C96-9E9E-0BB32B90F196}.Debug|Any CPU.ActiveCfg = Debug|Any CPU
		{1B90F1FC-3513-4C96-9E9E-0BB32B90F196}.Debug|Any CPU.Build.0 = Debug|Any CPU
		{1B90F1FC-3513-4C96-9E9E-0BB32B90F196}.Release|Any CPU.ActiveCfg = Release|Any CPU
		{1B90F1FC-3513-4C96-9E9E-0BB32B90F196}.Release|Any CPU.Build.0 = Release|Any CPU
		{D7D6201B-D14A-4CEB-B94A-8C3E90EA7BE9}.Debug|Any CPU.ActiveCfg = Debug|Any CPU
		{D7D6201B-D14A-4CEB-B94A-8C3E90EA7BE9}.Debug|Any CPU.Build.0 = Debug|Any CPU
		{D7D6201B-D14A-4CEB-B94A-8C3E90EA7BE9}.Release|Any CPU.ActiveCfg = Release|Any CPU
		{D7D6201B-D14A-4CEB-B94A-8C3E90EA7BE9}.Release|Any CPU.Build.0 = Release|Any CPU
		{D2093C8B-5BB4-46CD-A4FD-1B9741636550}.Debug|Any CPU.ActiveCfg = Debug|Any CPU
		{D2093C8B-5BB4-46CD-A4FD-1B9741636550}.Debug|Any CPU.Build.0 = Debug|Any CPU
		{D2093C8B-5BB4-46CD-A4FD-1B9741636550}.Release|Any CPU.ActiveCfg = Release|Any CPU
		{D2093C8B-5BB4-46CD-A4FD-1B9741636550}.Release|Any CPU.Build.0 = Release|Any CPU
		{E2B1317E-C117-46DE-B02A-A3D72739379B}.Debug|Any CPU.ActiveCfg = Debug|Any CPU
		{E2B1317E-C117-46DE-B02A-A3D72739379B}.Debug|Any CPU.Build.0 = Debug|Any CPU
		{E2B1317E-C117-46DE-B02A-A3D72739379B}.Release|Any CPU.ActiveCfg = Release|Any CPU
		{E2B1317E-C117-46DE-B02A-A3D72739379B}.Release|Any CPU.Build.0 = Release|Any CPU
		{2A48335F-72DB-4B3E-8BA2-E2B682E8996A}.Debug|Any CPU.ActiveCfg = Debug|Any CPU
		{2A48335F-72DB-4B3E-8BA2-E2B682E8996A}.Debug|Any CPU.Build.0 = Debug|Any CPU
		{2A48335F-72DB-4B3E-8BA2-E2B682E8996A}.Release|Any CPU.ActiveCfg = Release|Any CPU
		{2A48335F-72DB-4B3E-8BA2-E2B682E8996A}.Release|Any CPU.Build.0 = Release|Any CPU
		{72BF3007-B857-46D5-B886-24D4D4F408A1}.Debug|Any CPU.ActiveCfg = Debug|Any CPU
		{72BF3007-B857-46D5-B886-24D4D4F408A1}.Debug|Any CPU.Build.0 = Debug|Any CPU
		{72BF3007-B857-46D5-B886-24D4D4F408A1}.Release|Any CPU.ActiveCfg = Release|Any CPU
		{72BF3007-B857-46D5-B886-24D4D4F408A1}.Release|Any CPU.Build.0 = Release|Any CPU
		{F379CE8F-4F47-4893-A6DA-3EF7A493BBE9}.Debug|Any CPU.ActiveCfg = Debug|Any CPU
		{F379CE8F-4F47-4893-A6DA-3EF7A493BBE9}.Debug|Any CPU.Build.0 = Debug|Any CPU
		{F379CE8F-4F47-4893-A6DA-3EF7A493BBE9}.Release|Any CPU.ActiveCfg = Release|Any CPU
		{F379CE8F-4F47-4893-A6DA-3EF7A493BBE9}.Release|Any CPU.Build.0 = Release|Any CPU
		{9E2374C5-CA79-4863-9F9C-CF574BC89649}.Debug|Any CPU.ActiveCfg = Debug|Any CPU
		{9E2374C5-CA79-4863-9F9C-CF574BC89649}.Debug|Any CPU.Build.0 = Debug|Any CPU
		{9E2374C5-CA79-4863-9F9C-CF574BC89649}.Release|Any CPU.ActiveCfg = Release|Any CPU
		{9E2374C5-CA79-4863-9F9C-CF574BC89649}.Release|Any CPU.Build.0 = Release|Any CPU
		{2DC7C75C-9DCB-4914-B736-86B4FF2A964E}.Debug|Any CPU.ActiveCfg = Debug|Any CPU
		{2DC7C75C-9DCB-4914-B736-86B4FF2A964E}.Debug|Any CPU.Build.0 = Debug|Any CPU
		{2DC7C75C-9DCB-4914-B736-86B4FF2A964E}.Release|Any CPU.ActiveCfg = Release|Any CPU
		{2DC7C75C-9DCB-4914-B736-86B4FF2A964E}.Release|Any CPU.Build.0 = Release|Any CPU
		{B674A532-9BD0-4E78-8429-26A7EB2404BE}.Debug|Any CPU.ActiveCfg = Debug|Any CPU
		{B674A532-9BD0-4E78-8429-26A7EB2404BE}.Debug|Any CPU.Build.0 = Debug|Any CPU
		{B674A532-9BD0-4E78-8429-26A7EB2404BE}.Release|Any CPU.ActiveCfg = Release|Any CPU
		{B674A532-9BD0-4E78-8429-26A7EB2404BE}.Release|Any CPU.Build.0 = Release|Any CPU
	EndGlobalSection
	GlobalSection(SolutionProperties) = preSolution
		HideSolutionNode = FALSE
	EndGlobalSection
	GlobalSection(ExtensibilityGlobals) = postSolution
		SolutionGuid = {664E369D-A6CA-4D7F-B9E0-733EDD000375}
	EndGlobalSection
EndGlobal
